
Microsoft Visual Studio Solution File, Format Version 12.00
# Visual Studio Version 17
VisualStudioVersion = 17.2.32505.173
MinimumVisualStudioVersion = 10.0.40219.1
Project("{FAE04EC0-301F-11D3-BF4B-00C04F79EFBC}") = "Csharp-String-Condition-Benchmark", "Csharp-String-Condition-Benchmark.csproj", "{8BFFBE0B-1577-444E-8CED-7B10A69E03DD}"
EndProject
Global
	GlobalSection(SolutionConfigurationPlatforms) = preSolution
		Debug|Any CPU = Debug|Any CPU
		Release|Any CPU = Release|Any CPU
	EndGlobalSection
	GlobalSection(ProjectConfigurationPlatforms) = postSolution
		{8BFFBE0B-1577-444E-8CED-7B10A69E03DD}.Debug|Any CPU.ActiveCfg = Debug|Any CPU
		{8BFFBE0B-1577-444E-8CED-7B10A69E03DD}.Debug|Any CPU.Build.0 = Debug|Any CPU
		{8BFFBE0B-1577-444E-8CED-7B10A69E03DD}.Release|Any CPU.ActiveCfg = Release|Any CPU
		{8BFFBE0B-1577-444E-8CED-7B10A69E03DD}.Release|Any CPU.Build.0 = Release|Any CPU
	EndGlobalSection
	GlobalSection(SolutionProperties) = preSolution
		HideSolutionNode = FALSE
	EndGlobalSection
	GlobalSection(ExtensibilityGlobals) = postSolution
		SolutionGuid = {918562EE-BD5C-4FBD-A941-F3F66D509956}
	EndGlobalSection
EndGlobal
